
Microsoft Visual Studio Solution File, Format Version 12.00
# Visual Studio Version 16
VisualStudioVersion = 16.0.30717.126
MinimumVisualStudioVersion = 10.0.40219.1
Project("{FAE04EC0-301F-11D3-BF4B-00C04F79EFBC}") = "Rema1000.API", "Rema1000.API\Rema1000.API.csproj", "{E0520245-086F-4FEA-BD62-71C08BBD619A}"
EndProject
Project("{FAE04EC0-301F-11D3-BF4B-00C04F79EFBC}") = "Rema1000.Core", "Rema1000.Core\Rema1000.Core.csproj", "{DECD4E44-E78D-4FA7-8A2E-28DA23728C8F}"
EndProject
Project("{FAE04EC0-301F-11D3-BF4B-00C04F79EFBC}") = "Rema1000.Infrastructure", "Rema1000.Infrastructure\Rema1000.Infrastructure.csproj", "{E6F964BF-B2F3-4A72-875B-FD88751FC041}"
EndProject
Global
	GlobalSection(SolutionConfigurationPlatforms) = preSolution
		Debug|Any CPU = Debug|Any CPU
		Release|Any CPU = Release|Any CPU
	EndGlobalSection
	GlobalSection(ProjectConfigurationPlatforms) = postSolution
		{E0520245-086F-4FEA-BD62-71C08BBD619A}.Debug|Any CPU.ActiveCfg = Debug|Any CPU
		{E0520245-086F-4FEA-BD62-71C08BBD619A}.Debug|Any CPU.Build.0 = Debug|Any CPU
		{E0520245-086F-4FEA-BD62-71C08BBD619A}.Release|Any CPU.ActiveCfg = Release|Any CPU
		{E0520245-086F-4FEA-BD62-71C08BBD619A}.Release|Any CPU.Build.0 = Release|Any CPU
		{DECD4E44-E78D-4FA7-8A2E-28DA23728C8F}.Debug|Any CPU.ActiveCfg = Debug|Any CPU
		{DECD4E44-E78D-4FA7-8A2E-28DA23728C8F}.Debug|Any CPU.Build.0 = Debug|Any CPU
		{DECD4E44-E78D-4FA7-8A2E-28DA23728C8F}.Release|Any CPU.ActiveCfg = Release|Any CPU
		{DECD4E44-E78D-4FA7-8A2E-28DA23728C8F}.Release|Any CPU.Build.0 = Release|Any CPU
		{E6F964BF-B2F3-4A72-875B-FD88751FC041}.Debug|Any CPU.ActiveCfg = Debug|Any CPU
		{E6F964BF-B2F3-4A72-875B-FD88751FC041}.Debug|Any CPU.Build.0 = Debug|Any CPU
		{E6F964BF-B2F3-4A72-875B-FD88751FC041}.Release|Any CPU.ActiveCfg = Release|Any CPU
		{E6F964BF-B2F3-4A72-875B-FD88751FC041}.Release|Any CPU.Build.0 = Release|Any CPU
	EndGlobalSection
	GlobalSection(SolutionProperties) = preSolution
		HideSolutionNode = FALSE
	EndGlobalSection
	GlobalSection(ExtensibilityGlobals) = postSolution
		SolutionGuid = {7EA82C7F-9B46-40A7-86AA-F6A1C92DD116}
	EndGlobalSection
EndGlobal
